// !$*UTF8*$!
{
	archiveVersion = 1;
	classes = {
	};
	objectVersion = 55;
	objects = {

/* Begin PBXBuildFile section */
		4716EFE827E25AE3007935DF /* StuctPost.swift in Sources */ = {isa = PBXBuildFile; fileRef = 4716EFE727E25AE3007935DF /* StuctPost.swift */; };
		4716EFEA27E25B43007935DF /* PostViewController.swift in Sources */ = {isa = PBXBuildFile; fileRef = 4716EFE927E25B43007935DF /* PostViewController.swift */; };
		4716EFEC27E25B78007935DF /* InfoViewController.swift in Sources */ = {isa = PBXBuildFile; fileRef = 4716EFEB27E25B78007935DF /* InfoViewController.swift */; };
		4744396027D3D4A70006BF0E /* AppDelegate.swift in Sources */ = {isa = PBXBuildFile; fileRef = 4744395F27D3D4A70006BF0E /* AppDelegate.swift */; };
		4744396427D3D4A70006BF0E /* FeedViewController.swift in Sources */ = {isa = PBXBuildFile; fileRef = 4744396327D3D4A70006BF0E /* FeedViewController.swift */; };
		4744396927D3D4A90006BF0E /* Assets.xcassets in Resources */ = {isa = PBXBuildFile; fileRef = 4744396827D3D4A90006BF0E /* Assets.xcassets */; };
		4744396C27D3D4A90006BF0E /* LaunchScreen.storyboard in Resources */ = {isa = PBXBuildFile; fileRef = 4744396A27D3D4A90006BF0E /* LaunchScreen.storyboard */; };
		4744399427D4B9F20006BF0E /* ProfileViewController.swift in Sources */ = {isa = PBXBuildFile; fileRef = 4744399327D4B9F20006BF0E /* ProfileViewController.swift */; };
		47F1A7DC27DE4C46009F22B5 /* ProfileHeaderViewController.swift in Sources */ = {isa = PBXBuildFile; fileRef = 47F1A7DB27DE4C46009F22B5 /* ProfileHeaderViewController.swift */; };
/* End PBXBuildFile section */

/* Begin PBXFileReference section */
		4716EFE727E25AE3007935DF /* StuctPost.swift */ = {isa = PBXFileReference; lastKnownFileType = sourcecode.swift; path = StuctPost.swift; sourceTree = "<group>"; };
		4716EFE927E25B43007935DF /* PostViewController.swift */ = {isa = PBXFileReference; lastKnownFileType = sourcecode.swift; path = PostViewController.swift; sourceTree = "<group>"; };
		4716EFEB27E25B78007935DF /* InfoViewController.swift */ = {isa = PBXFileReference; lastKnownFileType = sourcecode.swift; path = InfoViewController.swift; sourceTree = "<group>"; };
		4744395C27D3D4A70006BF0E /* DZ_1_3.app */ = {isa = PBXFileReference; explicitFileType = wrapper.application; includeInIndex = 0; path = DZ_1_3.app; sourceTree = BUILT_PRODUCTS_DIR; };
		4744395F27D3D4A70006BF0E /* AppDelegate.swift */ = {isa = PBXFileReference; lastKnownFileType = sourcecode.swift; path = AppDelegate.swift; sourceTree = "<group>"; };
		4744396327D3D4A70006BF0E /* FeedViewController.swift */ = {isa = PBXFileReference; lastKnownFileType = sourcecode.swift; path = FeedViewController.swift; sourceTree = "<group>"; };
		4744396827D3D4A90006BF0E /* Assets.xcassets */ = {isa = PBXFileReference; lastKnownFileType = folder.assetcatalog; path = Assets.xcassets; sourceTree = "<group>"; };
		4744396B27D3D4A90006BF0E /* Base */ = {isa = PBXFileReference; lastKnownFileType = file.storyboard; name = Base; path = Base.lproj/LaunchScreen.storyboard; sourceTree = "<group>"; };
		4744396D27D3D4A90006BF0E /* Info.plist */ = {isa = PBXFileReference; lastKnownFileType = text.plist.xml; path = Info.plist; sourceTree = "<group>"; };
		4744399327D4B9F20006BF0E /* ProfileViewController.swift */ = {isa = PBXFileReference; lastKnownFileType = sourcecode.swift; path = ProfileViewController.swift; sourceTree = "<group>"; };
		47F1A7DB27DE4C46009F22B5 /* ProfileHeaderViewController.swift */ = {isa = PBXFileReference; lastKnownFileType = sourcecode.swift; path = ProfileHeaderViewController.swift; sourceTree = "<group>"; };
/* End PBXFileReference section */

/* Begin PBXFrameworksBuildPhase section */
		4744395927D3D4A70006BF0E /* Frameworks */ = {
			isa = PBXFrameworksBuildPhase;
			buildActionMask = 2147483647;
			files = (
			);
			runOnlyForDeploymentPostprocessing = 0;
		};
/* End PBXFrameworksBuildPhase section */

/* Begin PBXGroup section */
		4744395327D3D4A70006BF0E = {
			isa = PBXGroup;
			children = (
				47F1A7DA27DE3926009F22B5 /* Profile */,
				4744395E27D3D4A70006BF0E /* DZ_1_3 */,
				4744395D27D3D4A70006BF0E /* Products */,
			);
			sourceTree = "<group>";
		};
		4744395D27D3D4A70006BF0E /* Products */ = {
			isa = PBXGroup;
			children = (
				4744395C27D3D4A70006BF0E /* DZ_1_3.app */,
			);
			name = Products;
			sourceTree = "<group>";
		};
		4744395E27D3D4A70006BF0E /* DZ_1_3 */ = {
			isa = PBXGroup;
			children = (
				4744395F27D3D4A70006BF0E /* AppDelegate.swift */,
				4744396327D3D4A70006BF0E /* FeedViewController.swift */,
				4716EFEB27E25B78007935DF /* InfoViewController.swift */,
				4716EFE927E25B43007935DF /* PostViewController.swift */,
				4744396827D3D4A90006BF0E /* Assets.xcassets */,
				4744396A27D3D4A90006BF0E /* LaunchScreen.storyboard */,
				4744396D27D3D4A90006BF0E /* Info.plist */,
				4716EFE727E25AE3007935DF /* StuctPost.swift */,
			);
			path = DZ_1_3;
			sourceTree = "<group>";
		};
		47F1A7DA27DE3926009F22B5 /* Profile */ = {
			isa = PBXGroup;
			children = (
				4744399327D4B9F20006BF0E /* ProfileViewController.swift */,
				47F1A7DB27DE4C46009F22B5 /* ProfileHeaderViewController.swift */,
			);
			path = Profile;
			sourceTree = "<group>";
		};
/* End PBXGroup section */

/* Begin PBXNativeTarget section */
		4744395B27D3D4A70006BF0E /* DZ_1_3 */ = {
			isa = PBXNativeTarget;
			buildConfigurationList = 4744397027D3D4A90006BF0E /* Build configuration list for PBXNativeTarget "DZ_1_3" */;
			buildPhases = (
				4744395827D3D4A70006BF0E /* Sources */,
				4744395927D3D4A70006BF0E /* Frameworks */,
				4744395A27D3D4A70006BF0E /* Resources */,
			);
			buildRules = (
			);
			dependencies = (
			);
			name = DZ_1_3;
			productName = DZ_1_3;
			productReference = 4744395C27D3D4A70006BF0E /* DZ_1_3.app */;
			productType = "com.apple.product-type.application";
		};
/* End PBXNativeTarget section */

/* Begin PBXProject section */
		4744395427D3D4A70006BF0E /* Project object */ = {
			isa = PBXProject;
			attributes = {
				BuildIndependentTargetsInParallel = 1;
				LastSwiftUpdateCheck = 1310;
				LastUpgradeCheck = 1310;
				TargetAttributes = {
					4744395B27D3D4A70006BF0E = {
						CreatedOnToolsVersion = 13.1;
					};
				};
			};
			buildConfigurationList = 4744395727D3D4A70006BF0E /* Build configuration list for PBXProject "DZ_1_3" */;
			compatibilityVersion = "Xcode 13.0";
			developmentRegion = en;
			hasScannedForEncodings = 0;
			knownRegions = (
				en,
				Base,
			);
			mainGroup = 4744395327D3D4A70006BF0E;
			productRefGroup = 4744395D27D3D4A70006BF0E /* Products */;
			projectDirPath = "";
			projectRoot = "";
			targets = (
				4744395B27D3D4A70006BF0E /* DZ_1_3 */,
			);
		};
/* End PBXProject section */

/* Begin PBXResourcesBuildPhase section */
		4744395A27D3D4A70006BF0E /* Resources */ = {
			isa = PBXResourcesBuildPhase;
			buildActionMask = 2147483647;
			files = (
				4744396C27D3D4A90006BF0E /* LaunchScreen.storyboard in Resources */,
				4744396927D3D4A90006BF0E /* Assets.xcassets in Resources */,
			);
			runOnlyForDeploymentPostprocessing = 0;
		};
/* End PBXResourcesBuildPhase section */

/* Begin PBXSourcesBuildPhase section */
		4744395827D3D4A70006BF0E /* Sources */ = {
			isa = PBXSourcesBuildPhase;
			buildActionMask = 2147483647;
			files = (
				4716EFEA27E25B43007935DF /* PostViewController.swift in Sources */,
				4716EFE827E25AE3007935DF /* StuctPost.swift in Sources */,
				4744399427D4B9F20006BF0E /* ProfileViewController.swift in Sources */,
				4716EFEC27E25B78007935DF /* InfoViewController.swift in Sources */,
				4744396427D3D4A70006BF0E /* FeedViewController.swift in Sources */,
				4744396027D3D4A70006BF0E /* AppDelegate.swift in Sources */,
				47F1A7DC27DE4C46009F22B5 /* ProfileHeaderViewController.swift in Sources */,
			);
			runOnlyForDeploymentPostprocessing = 0;
		};
/* End PBXSourcesBuildPhase section */

/* Begin PBXVariantGroup section */
		4744396A27D3D4A90006BF0E /* LaunchScreen.storyboard */ = {
			isa = PBXVariantGroup;
			children = (
				4744396B27D3D4A90006BF0E /* Base */,
			);
			name = LaunchScreen.storyboard;
			sourceTree = "<group>";
		};
/* End PBXVariantGroup section */

/* Begin XCBuildConfiguration section */
		4744396E27D3D4A90006BF0E /* Debug */ = {
			isa = XCBuildConfiguration;
			buildSettings = {
				ALWAYS_SEARCH_USER_PATHS = NO;
				CLANG_ANALYZER_NONNULL = YES;
				CLANG_ANALYZER_NUMBER_OBJECT_CONVERSION = YES_AGGRESSIVE;
				CLANG_CXX_LANGUAGE_STANDARD = "gnu++17";
				CLANG_CXX_LIBRARY = "libc++";
				CLANG_ENABLE_MODULES = YES;
				CLANG_ENABLE_OBJC_ARC = YES;
				CLANG_ENABLE_OBJC_WEAK = YES;
				CLANG_WARN_BLOCK_CAPTURE_AUTORELEASING = YES;
				CLANG_WARN_BOOL_CONVERSION = YES;
				CLANG_WARN_COMMA = YES;
				CLANG_WARN_CONSTANT_CONVERSION = YES;
				CLANG_WARN_DEPRECATED_OBJC_IMPLEMENTATIONS = YES;
				CLANG_WARN_DIRECT_OBJC_ISA_USAGE = YES_ERROR;
				CLANG_WARN_DOCUMENTATION_COMMENTS = YES;
				CLANG_WARN_EMPTY_BODY = YES;
				CLANG_WARN_ENUM_CONVERSION = YES;
				CLANG_WARN_INFINITE_RECURSION = YES;
				CLANG_WARN_INT_CONVERSION = YES;
				CLANG_WARN_NON_LITERAL_NULL_CONVERSION = YES;
				CLANG_WARN_OBJC_IMPLICIT_RETAIN_SELF = YES;
				CLANG_WARN_OBJC_LITERAL_CONVERSION = YES;
				CLANG_WARN_OBJC_ROOT_CLASS = YES_ERROR;
				CLANG_WARN_QUOTED_INCLUDE_IN_FRAMEWORK_HEADER = YES;
				CLANG_WARN_RANGE_LOOP_ANALYSIS = YES;
				CLANG_WARN_STRICT_PROTOTYPES = YES;
				CLANG_WARN_SUSPICIOUS_MOVE = YES;
				CLANG_WARN_UNGUARDED_AVAILABILITY = YES_AGGRESSIVE;
				CLANG_WARN_UNREACHABLE_CODE = YES;
				CLANG_WARN__DUPLICATE_METHOD_MATCH = YES;
				COPY_PHASE_STRIP = NO;
				DEBUG_INFORMATION_FORMAT = dwarf;
				ENABLE_STRICT_OBJC_MSGSEND = YES;
				ENABLE_TESTABILITY = YES;
				GCC_C_LANGUAGE_STANDARD = gnu11;
				GCC_DYNAMIC_NO_PIC = NO;
				GCC_NO_COMMON_BLOCKS = YES;
				GCC_OPTIMIZATION_LEVEL = 0;
				GCC_PREPROCESSOR_DEFINITIONS = (
					"DEBUG=1",
					"$(inherited)",
				);
				GCC_WARN_64_TO_32_BIT_CONVERSION = YES;
				GCC_WARN_ABOUT_RETURN_TYPE = YES_ERROR;
				GCC_WARN_UNDECLARED_SELECTOR = YES;
				GCC_WARN_UNINITIALIZED_AUTOS = YES_AGGRESSIVE;
				GCC_WARN_UNUSED_FUNCTION = YES;
				GCC_WARN_UNUSED_VARIABLE = YES;
				IPHONEOS_DEPLOYMENT_TARGET = 15.0;
				MTL_ENABLE_DEBUG_INFO = INCLUDE_SOURCE;
				MTL_FAST_MATH = YES;
				ONLY_ACTIVE_ARCH = YES;
				SDKROOT = iphoneos;
				SWIFT_ACTIVE_COMPILATION_CONDITIONS = DEBUG;
				SWIFT_OPTIMIZATION_LEVEL = "-Onone";
			};
			name = Debug;
		};
		4744396F27D3D4A90006BF0E /* Release */ = {
			isa = XCBuildConfiguration;
			buildSettings = {
				ALWAYS_SEARCH_USER_PATHS = NO;
				CLANG_ANALYZER_NONNULL = YES;
				CLANG_ANALYZER_NUMBER_OBJECT_CONVERSION = YES_AGGRESSIVE;
				CLANG_CXX_LANGUAGE_STANDARD = "gnu++17";
				CLANG_CXX_LIBRARY = "libc++";
				CLANG_ENABLE_MODULES = YES;
				CLANG_ENABLE_OBJC_ARC = YES;
				CLANG_ENABLE_OBJC_WEAK = YES;
				CLANG_WARN_BLOCK_CAPTURE_AUTORELEASING = YES;
				CLANG_WARN_BOOL_CONVERSION = YES;
				CLANG_WARN_COMMA = YES;
				CLANG_WARN_CONSTANT_CONVERSION = YES;
				CLANG_WARN_DEPRECATED_OBJC_IMPLEMENTATIONS = YES;
				CLANG_WARN_DIRECT_OBJC_ISA_USAGE = YES_ERROR;
				CLANG_WARN_DOCUMENTATION_COMMENTS = YES;
				CLANG_WARN_EMPTY_BODY = YES;
				CLANG_WARN_ENUM_CONVERSION = YES;
				CLANG_WARN_INFINITE_RECURSION = YES;
				CLANG_WARN_INT_CONVERSION = YES;
				CLANG_WARN_NON_LITERAL_NULL_CONVERSION = YES;
				CLANG_WARN_OBJC_IMPLICIT_RETAIN_SELF = YES;
				CLANG_WARN_OBJC_LITERAL_CONVERSION = YES;
				CLANG_WARN_OBJC_ROOT_CLASS = YES_ERROR;
				CLANG_WARN_QUOTED_INCLUDE_IN_FRAMEWORK_HEADER = YES;
				CLANG_WARN_RANGE_LOOP_ANALYSIS = YES;
				CLANG_WARN_STRICT_PROTOTYPES = YES;
				CLANG_WARN_SUSPICIOUS_MOVE = YES;
				CLANG_WARN_UNGUARDED_AVAILABILITY = YES_AGGRESSIVE;
				CLANG_WARN_UNREACHABLE_CODE = YES;
				CLANG_WARN__DUPLICATE_METHOD_MATCH = YES;
				COPY_PHASE_STRIP = NO;
				DEBUG_INFORMATION_FORMAT = "dwarf-with-dsym";
				ENABLE_NS_ASSERTIONS = NO;
				ENABLE_STRICT_OBJC_MSGSEND = YES;
				GCC_C_LANGUAGE_STANDARD = gnu11;
				GCC_NO_COMMON_BLOCKS = YES;
				GCC_WARN_64_TO_32_BIT_CONVERSION = YES;
				GCC_WARN_ABOUT_RETURN_TYPE = YES_ERROR;
				GCC_WARN_UNDECLARED_SELECTOR = YES;
				GCC_WARN_UNINITIALIZED_AUTOS = YES_AGGRESSIVE;
				GCC_WARN_UNUSED_FUNCTION = YES;
				GCC_WARN_UNUSED_VARIABLE = YES;
				IPHONEOS_DEPLOYMENT_TARGET = 15.0;
				MTL_ENABLE_DEBUG_INFO = NO;
				MTL_FAST_MATH = YES;
				SDKROOT = iphoneos;
				SWIFT_COMPILATION_MODE = wholemodule;
				SWIFT_OPTIMIZATION_LEVEL = "-O";
				VALIDATE_PRODUCT = YES;
			};
			name = Release;
		};
		4744397127D3D4A90006BF0E /* Debug */ = {
			isa = XCBuildConfiguration;
			buildSettings = {
				ASSETCATALOG_COMPILER_APPICON_NAME = AppIcon;
				ASSETCATALOG_COMPILER_GLOBAL_ACCENT_COLOR_NAME = AccentColor;
				CODE_SIGN_STYLE = Automatic;
				CURRENT_PROJECT_VERSION = 1;
				DEVELOPMENT_TEAM = 35947TSJAL;
				GENERATE_INFOPLIST_FILE = YES;
				INFOPLIST_FILE = DZ_1_3/Info.plist;
				INFOPLIST_KEY_UIApplicationSupportsIndirectInputEvents = YES;
				INFOPLIST_KEY_UILaunchStoryboardName = LaunchScreen;
				INFOPLIST_KEY_UISupportedInterfaceOrientations_iPad = "UIInterfaceOrientationPortrait UIInterfaceOrientationPortraitUpsideDown UIInterfaceOrientationLandscapeLeft UIInterfaceOrientationLandscapeRight";
				INFOPLIST_KEY_UISupportedInterfaceOrientations_iPhone = "UIInterfaceOrientationPortrait UIInterfaceOrientationLandscapeLeft UIInterfaceOrientationLandscapeRight";
				IPHONEOS_DEPLOYMENT_TARGET = 14.7;
				LD_RUNPATH_SEARCH_PATHS = (
					"$(inherited)",
					"@executable_path/Frameworks",
				);
				MARKETING_VERSION = 1.0;
				PRODUCT_BUNDLE_IDENTIFIER = "andrey-starokon.DZ-1-3";
				PRODUCT_NAME = "$(TARGET_NAME)";
				SWIFT_EMIT_LOC_STRINGS = YES;
				SWIFT_VERSION = 5.0;
				TARGETED_DEVICE_FAMILY = 1;
			};
			name = Debug;
		};
		4744397227D3D4A90006BF0E /* Release */ = {
			isa = XCBuildConfiguration;
			buildSettings = {
				ASSETCATALOG_COMPILER_APPICON_NAME = AppIcon;
				ASSETCATALOG_COMPILER_GLOBAL_ACCENT_COLOR_NAME = AccentColor;
				CODE_SIGN_STYLE = Automatic;
				CURRENT_PROJECT_VERSION = 1;
				DEVELOPMENT_TEAM = 35947TSJAL;
				GENERATE_INFOPLIST_FILE = YES;
				INFOPLIST_FILE = DZ_1_3/Info.plist;
				INFOPLIST_KEY_UIApplicationSupportsIndirectInputEvents = YES;
				INFOPLIST_KEY_UILaunchStoryboardName = LaunchScreen;
				INFOPLIST_KEY_UISupportedInterfaceOrientations_iPad = "UIInterfaceOrientationPortrait UIInterfaceOrientationPortraitUpsideDown UIInterfaceOrientationLandscapeLeft UIInterfaceOrientationLandscapeRight";
				INFOPLIST_KEY_UISupportedInterfaceOrientations_iPhone = "UIInterfaceOrientationPortrait UIInterfaceOrientationLandscapeLeft UIInterfaceOrientationLandscapeRight";
				IPHONEOS_DEPLOYMENT_TARGET = 14.7;
				LD_RUNPATH_SEARCH_PATHS = (
					"$(inherited)",
					"@executable_path/Frameworks",
				);
				MARKETING_VERSION = 1.0;
				PRODUCT_BUNDLE_IDENTIFIER = "andrey-starokon.DZ-1-3";
				PRODUCT_NAME = "$(TARGET_NAME)";
				SWIFT_EMIT_LOC_STRINGS = YES;
				SWIFT_VERSION = 5.0;
				TARGETED_DEVICE_FAMILY = 1;
			};
			name = Release;
		};
/* End XCBuildConfiguration section */

/* Begin XCConfigurationList section */
		4744395727D3D4A70006BF0E /* Build configuration list for PBXProject "DZ_1_3" */ = {
			isa = XCConfigurationList;
			buildConfigurations = (
				4744396E27D3D4A90006BF0E /* Debug */,
				4744396F27D3D4A90006BF0E /* Release */,
			);
			defaultConfigurationIsVisible = 0;
			defaultConfigurationName = Release;
		};
		4744397027D3D4A90006BF0E /* Build configuration list for PBXNativeTarget "DZ_1_3" */ = {
			isa = XCConfigurationList;
			buildConfigurations = (
				4744397127D3D4A90006BF0E /* Debug */,
				4744397227D3D4A90006BF0E /* Release */,
			);
			defaultConfigurationIsVisible = 0;
			defaultConfigurationName = Release;
		};
/* End XCConfigurationList section */
	};
	rootObject = 4744395427D3D4A70006BF0E /* Project object */;
}
